
Microsoft Visual Studio Solution File, Format Version 12.00
# Visual Studio Version 16
VisualStudioVersion = 16.0.29318.209
MinimumVisualStudioVersion = 10.0.40219.1
Project("{FAE04EC0-301F-11D3-BF4B-00C04F79EFBC}") = "DabEx2", "DabEx2\DabEx2.csproj", "{AAF9C6EE-EF40-4FF4-BA2C-7F05C5F42468}"
EndProject
Global
	GlobalSection(SolutionConfigurationPlatforms) = preSolution
		Debug|Any CPU = Debug|Any CPU
		Release|Any CPU = Release|Any CPU
	EndGlobalSection
	GlobalSection(ProjectConfigurationPlatforms) = postSolution
		{AAF9C6EE-EF40-4FF4-BA2C-7F05C5F42468}.Debug|Any CPU.ActiveCfg = Debug|Any CPU
		{AAF9C6EE-EF40-4FF4-BA2C-7F05C5F42468}.Debug|Any CPU.Build.0 = Debug|Any CPU
		{AAF9C6EE-EF40-4FF4-BA2C-7F05C5F42468}.Release|Any CPU.ActiveCfg = Release|Any CPU
		{AAF9C6EE-EF40-4FF4-BA2C-7F05C5F42468}.Release|Any CPU.Build.0 = Release|Any CPU
	EndGlobalSection
	GlobalSection(SolutionProperties) = preSolution
		HideSolutionNode = FALSE
	EndGlobalSection
	GlobalSection(ExtensibilityGlobals) = postSolution
		SolutionGuid = {E216A6A3-EA76-4D8D-8258-36DA40CF318B}
	EndGlobalSection
EndGlobal
